
Microsoft Visual Studio Solution File, Format Version 12.00
# Visual Studio Version 16
VisualStudioVersion = 16.0.30225.117
MinimumVisualStudioVersion = 10.0.40219.1
Project("{FAE04EC0-301F-11D3-BF4B-00C04F79EFBC}") = "LLZip", "LLZip.csproj", "{CCD0939B-50DB-460B-8C59-EBF351AAC850}"
EndProject
Global
	GlobalSection(SolutionConfigurationPlatforms) = preSolution
		Debug|Any CPU = Debug|Any CPU
		Release|Any CPU = Release|Any CPU
	EndGlobalSection
	GlobalSection(ProjectConfigurationPlatforms) = postSolution
		{CCD0939B-50DB-460B-8C59-EBF351AAC850}.Debug|Any CPU.ActiveCfg = Debug|Any CPU
		{CCD0939B-50DB-460B-8C59-EBF351AAC850}.Debug|Any CPU.Build.0 = Debug|Any CPU
		{CCD0939B-50DB-460B-8C59-EBF351AAC850}.Release|Any CPU.ActiveCfg = Release|Any CPU
		{CCD0939B-50DB-460B-8C59-EBF351AAC850}.Release|Any CPU.Build.0 = Release|Any CPU
	EndGlobalSection
	GlobalSection(SolutionProperties) = preSolution
		HideSolutionNode = FALSE
	EndGlobalSection
	GlobalSection(ExtensibilityGlobals) = postSolution
		SolutionGuid = {D1DB78AC-2456-4023-A014-82A4943A1000}
	EndGlobalSection
EndGlobal
